
Microsoft Visual Studio Solution File, Format Version 12.00
# Visual Studio Version 17
VisualStudioVersion = 17.13.35818.85
MinimumVisualStudioVersion = 10.0.40219.1
Project("{FAE04EC0-301F-11D3-BF4B-00C04F79EFBC}") = "kiedygramy", "kiedygramy.csproj", "{54AA25B8-8D5E-498F-BFF5-D1B4FABC2AE2}"
EndProject
Project("{FAE04EC0-301F-11D3-BF4B-00C04F79EFBC}") = "kiedygramy.Tests", "..\kiedygramy.Tests\kiedygramy.Tests.csproj", "{9EE77DEA-1EBD-4622-B840-AFE62DDE8887}"
EndProject
Global
	GlobalSection(SolutionConfigurationPlatforms) = preSolution
		Debug|Any CPU = Debug|Any CPU
		Debug|x64 = Debug|x64
		Debug|x86 = Debug|x86
		Release|Any CPU = Release|Any CPU
		Release|x64 = Release|x64
		Release|x86 = Release|x86
	EndGlobalSection
	GlobalSection(ProjectConfigurationPlatforms) = postSolution
		{54AA25B8-8D5E-498F-BFF5-D1B4FABC2AE2}.Debug|Any CPU.ActiveCfg = Debug|Any CPU
		{54AA25B8-8D5E-498F-BFF5-D1B4FABC2AE2}.Debug|Any CPU.Build.0 = Debug|Any CPU
		{54AA25B8-8D5E-498F-BFF5-D1B4FABC2AE2}.Debug|x64.ActiveCfg = Debug|Any CPU
		{54AA25B8-8D5E-498F-BFF5-D1B4FABC2AE2}.Debug|x64.Build.0 = Debug|Any CPU
		{54AA25B8-8D5E-498F-BFF5-D1B4FABC2AE2}.Debug|x86.ActiveCfg = Debug|Any CPU
		{54AA25B8-8D5E-498F-BFF5-D1B4FABC2AE2}.Debug|x86.Build.0 = Debug|Any CPU
		{54AA25B8-8D5E-498F-BFF5-D1B4FABC2AE2}.Release|Any CPU.ActiveCfg = Release|Any CPU
		{54AA25B8-8D5E-498F-BFF5-D1B4FABC2AE2}.Release|Any CPU.Build.0 = Release|Any CPU
		{54AA25B8-8D5E-498F-BFF5-D1B4FABC2AE2}.Release|x64.ActiveCfg = Release|Any CPU
		{54AA25B8-8D5E-498F-BFF5-D1B4FABC2AE2}.Release|x64.Build.0 = Release|Any CPU
		{54AA25B8-8D5E-498F-BFF5-D1B4FABC2AE2}.Release|x86.ActiveCfg = Release|Any CPU
		{54AA25B8-8D5E-498F-BFF5-D1B4FABC2AE2}.Release|x86.Build.0 = Release|Any CPU
		{9EE77DEA-1EBD-4622-B840-AFE62DDE8887}.Debug|Any CPU.ActiveCfg = Debug|Any CPU
		{9EE77DEA-1EBD-4622-B840-AFE62DDE8887}.Debug|Any CPU.Build.0 = Debug|Any CPU
		{9EE77DEA-1EBD-4622-B840-AFE62DDE8887}.Debug|x64.ActiveCfg = Debug|Any CPU
		{9EE77DEA-1EBD-4622-B840-AFE62DDE8887}.Debug|x64.Build.0 = Debug|Any CPU
		{9EE77DEA-1EBD-4622-B840-AFE62DDE8887}.Debug|x86.ActiveCfg = Debug|Any CPU
		{9EE77DEA-1EBD-4622-B840-AFE62DDE8887}.Debug|x86.Build.0 = Debug|Any CPU
		{9EE77DEA-1EBD-4622-B840-AFE62DDE8887}.Release|Any CPU.ActiveCfg = Release|Any CPU
		{9EE77DEA-1EBD-4622-B840-AFE62DDE8887}.Release|Any CPU.Build.0 = Release|Any CPU
		{9EE77DEA-1EBD-4622-B840-AFE62DDE8887}.Release|x64.ActiveCfg = Release|Any CPU
		{9EE77DEA-1EBD-4622-B840-AFE62DDE8887}.Release|x64.Build.0 = Release|Any CPU
		{9EE77DEA-1EBD-4622-B840-AFE62DDE8887}.Release|x86.ActiveCfg = Release|Any CPU
		{9EE77DEA-1EBD-4622-B840-AFE62DDE8887}.Release|x86.Build.0 = Release|Any CPU
	EndGlobalSection
	GlobalSection(SolutionProperties) = preSolution
		HideSolutionNode = FALSE
	EndGlobalSection
	GlobalSection(ExtensibilityGlobals) = postSolution
		SolutionGuid = {B2CE7D11-9B1E-4F07-9E95-D27398860870}
	EndGlobalSection
EndGlobal
